# This file is automatically @generated by Cargo.
# It is not intended for manual editing.
version = 4

[[package]]
name = "streamhouse-cli"
version = "0.1.0"

[[package]]
name = "streamhouse-core"
version = "0.1.0"

[[package]]
name = "streamhouse-kafka"
version = "0.1.0"

[[package]]
name = "streamhouse-metadata"
version = "0.1.0"

[[package]]
name = "streamhouse-server"
version = "0.1.0"

[[package]]
name = "streamhouse-sql"
version = "0.1.0"

[[package]]
name = "streamhouse-storage"
version = "0.1.0"
